
Microsoft Visual Studio Solution File, Format Version 12.00
# Visual Studio Version 16
VisualStudioVersion = 16.0.31205.134
MinimumVisualStudioVersion = 10.0.40219.1
Project("{8BC9CEB8-8B4A-11D0-8D11-00A0C91BC942}") = "ModExMap", "ModExMap\ModExMap.vcxproj", "{21573076-ED53-402D-BD74-9C46507197F4}"
EndProject
Global
	GlobalSection(SolutionConfigurationPlatforms) = preSolution
		Debug|x64 = Debug|x64
		Debug|x86 = Debug|x86
		Release|x64 = Release|x64
		Release|x86 = Release|x86
	EndGlobalSection
	GlobalSection(ProjectConfigurationPlatforms) = postSolution
		{21573076-ED53-402D-BD74-9C46507197F4}.Debug|x64.ActiveCfg = Debug|x64
		{21573076-ED53-402D-BD74-9C46507197F4}.Debug|x64.Build.0 = Debug|x64
		{21573076-ED53-402D-BD74-9C46507197F4}.Debug|x86.ActiveCfg = Debug|Win32
		{21573076-ED53-402D-BD74-9C46507197F4}.Debug|x86.Build.0 = Debug|Win32
		{21573076-ED53-402D-BD74-9C46507197F4}.Release|x64.ActiveCfg = Release|x64
		{21573076-ED53-402D-BD74-9C46507197F4}.Release|x64.Build.0 = Release|x64
		{21573076-ED53-402D-BD74-9C46507197F4}.Release|x86.ActiveCfg = Release|Win32
		{21573076-ED53-402D-BD74-9C46507197F4}.Release|x86.Build.0 = Release|Win32
	EndGlobalSection
	GlobalSection(SolutionProperties) = preSolution
		HideSolutionNode = FALSE
	EndGlobalSection
	GlobalSection(ExtensibilityGlobals) = postSolution
		SolutionGuid = {C903FFFC-05B5-4326-9DD5-9F7DEBF2B39B}
	EndGlobalSection
EndGlobal
